
Microsoft Visual Studio Solution File, Format Version 12.00
# Visual Studio Version 17
VisualStudioVersion = 17.3.32929.385
MinimumVisualStudioVersion = 10.0.40219.1
Project("{9A19103F-16F7-4668-BE54-9A1E7A4F7556}") = "ReproMP3.EN", "ReproMP3.EN\ReproMP3.EN.csproj", "{B8391E9F-A61C-4C90-B25C-99732D29D499}"
EndProject
Project("{9A19103F-16F7-4668-BE54-9A1E7A4F7556}") = "ReproMP3.DAL", "ReproMP3.DAL\ReproMP3.DAL.csproj", "{DBEA7D97-D3F8-4A32-B0BF-0442C3C0435E}"
EndProject
Project("{9A19103F-16F7-4668-BE54-9A1E7A4F7556}") = "ReproMP3.BL", "ReproMP3.BL\ReproMP3.BL.csproj", "{21CF7823-97E9-4CDD-9E71-8A7E2953165A}"
EndProject
Project("{9A19103F-16F7-4668-BE54-9A1E7A4F7556}") = "WEBApi", "WEBApi\WEBApi.csproj", "{2FC5726E-6391-4878-8197-6C31EABEFDA9}"
EndProject
Project("{9A19103F-16F7-4668-BE54-9A1E7A4F7556}") = "ReproMP3BlazorApp", "ReproMP3BlazorApp\ReproMP3BlazorApp.csproj", "{E7223057-8E1A-4E6C-B194-83DE4DEF6B5D}"
EndProject
Project("{FAE04EC0-301F-11D3-BF4B-00C04F79EFBC}") = "ReproMP3.PruebasUnitarias", "ReproMP3.PruebasUnitarias\ReproMP3.PruebasUnitarias.csproj", "{A39A76F2-3D42-4149-B86C-4EB9B94795D9}"
EndProject
Global
	GlobalSection(SolutionConfigurationPlatforms) = preSolution
		Debug|Any CPU = Debug|Any CPU
		Release|Any CPU = Release|Any CPU
	EndGlobalSection
	GlobalSection(ProjectConfigurationPlatforms) = postSolution
		{B8391E9F-A61C-4C90-B25C-99732D29D499}.Debug|Any CPU.ActiveCfg = Debug|Any CPU
		{B8391E9F-A61C-4C90-B25C-99732D29D499}.Debug|Any CPU.Build.0 = Debug|Any CPU
		{B8391E9F-A61C-4C90-B25C-99732D29D499}.Release|Any CPU.ActiveCfg = Release|Any CPU
		{B8391E9F-A61C-4C90-B25C-99732D29D499}.Release|Any CPU.Build.0 = Release|Any CPU
		{DBEA7D97-D3F8-4A32-B0BF-0442C3C0435E}.Debug|Any CPU.ActiveCfg = Debug|Any CPU
		{DBEA7D97-D3F8-4A32-B0BF-0442C3C0435E}.Debug|Any CPU.Build.0 = Debug|Any CPU
		{DBEA7D97-D3F8-4A32-B0BF-0442C3C0435E}.Release|Any CPU.ActiveCfg = Release|Any CPU
		{DBEA7D97-D3F8-4A32-B0BF-0442C3C0435E}.Release|Any CPU.Build.0 = Release|Any CPU
		{21CF7823-97E9-4CDD-9E71-8A7E2953165A}.Debug|Any CPU.ActiveCfg = Debug|Any CPU
		{21CF7823-97E9-4CDD-9E71-8A7E2953165A}.Debug|Any CPU.Build.0 = Debug|Any CPU
		{21CF7823-97E9-4CDD-9E71-8A7E2953165A}.Release|Any CPU.ActiveCfg = Release|Any CPU
		{21CF7823-97E9-4CDD-9E71-8A7E2953165A}.Release|Any CPU.Build.0 = Release|Any CPU
		{2FC5726E-6391-4878-8197-6C31EABEFDA9}.Debug|Any CPU.ActiveCfg = Debug|Any CPU
		{2FC5726E-6391-4878-8197-6C31EABEFDA9}.Debug|Any CPU.Build.0 = Debug|Any CPU
		{2FC5726E-6391-4878-8197-6C31EABEFDA9}.Release|Any CPU.ActiveCfg = Release|Any CPU
		{2FC5726E-6391-4878-8197-6C31EABEFDA9}.Release|Any CPU.Build.0 = Release|Any CPU
		{E7223057-8E1A-4E6C-B194-83DE4DEF6B5D}.Debug|Any CPU.ActiveCfg = Debug|Any CPU
		{E7223057-8E1A-4E6C-B194-83DE4DEF6B5D}.Debug|Any CPU.Build.0 = Debug|Any CPU
		{E7223057-8E1A-4E6C-B194-83DE4DEF6B5D}.Release|Any CPU.ActiveCfg = Release|Any CPU
		{E7223057-8E1A-4E6C-B194-83DE4DEF6B5D}.Release|Any CPU.Build.0 = Release|Any CPU
		{A39A76F2-3D42-4149-B86C-4EB9B94795D9}.Debug|Any CPU.ActiveCfg = Debug|Any CPU
		{A39A76F2-3D42-4149-B86C-4EB9B94795D9}.Debug|Any CPU.Build.0 = Debug|Any CPU
		{A39A76F2-3D42-4149-B86C-4EB9B94795D9}.Release|Any CPU.ActiveCfg = Release|Any CPU
		{A39A76F2-3D42-4149-B86C-4EB9B94795D9}.Release|Any CPU.Build.0 = Release|Any CPU
	EndGlobalSection
	GlobalSection(SolutionProperties) = preSolution
		HideSolutionNode = FALSE
	EndGlobalSection
	GlobalSection(ExtensibilityGlobals) = postSolution
		SolutionGuid = {ADF7E046-ECE2-4405-AAC2-106189B7FDFB}
	EndGlobalSection
EndGlobal
